
Microsoft Visual Studio Solution File, Format Version 11.00
# Visual Studio 2010
Project("{FAE04EC0-301F-11D3-BF4B-00C04F79EFBC}") = "PickUp", "PickUp\PickUp.csproj", "{7737AEC2-B78E-43DF-8FD0-4B1B9ECEFE55}"
EndProject
Global
	GlobalSection(SolutionConfigurationPlatforms) = preSolution
		Debug|Any CPU = Debug|Any CPU
		Release|Any CPU = Release|Any CPU
	EndGlobalSection
	GlobalSection(ProjectConfigurationPlatforms) = postSolution
		{7737AEC2-B78E-43DF-8FD0-4B1B9ECEFE55}.Debug|Any CPU.ActiveCfg = Debug|Any CPU
		{7737AEC2-B78E-43DF-8FD0-4B1B9ECEFE55}.Debug|Any CPU.Build.0 = Debug|Any CPU
		{7737AEC2-B78E-43DF-8FD0-4B1B9ECEFE55}.Release|Any CPU.ActiveCfg = Release|Any CPU
		{7737AEC2-B78E-43DF-8FD0-4B1B9ECEFE55}.Release|Any CPU.Build.0 = Release|Any CPU
	EndGlobalSection
	GlobalSection(MonoDevelopProperties) = preSolution
		StartupItem = PickUp\PickUp.csproj
	EndGlobalSection
EndGlobal
